
Microsoft Visual Studio Solution File, Format Version 12.00
# Visual Studio Version 17
VisualStudioVersion = 17.1.32421.90
MinimumVisualStudioVersion = 10.0.40219.1
Project("{FAE04EC0-301F-11D3-BF4B-00C04F79EFBC}") = "FilaComDuasPilhas", "FilaComDuasPilhas.csproj", "{649E5F8B-918E-4FB4-B0B4-91AFF9ACF78B}"
EndProject
Global
	GlobalSection(SolutionConfigurationPlatforms) = preSolution
		Debug|Any CPU = Debug|Any CPU
		Release|Any CPU = Release|Any CPU
	EndGlobalSection
	GlobalSection(ProjectConfigurationPlatforms) = postSolution
		{649E5F8B-918E-4FB4-B0B4-91AFF9ACF78B}.Debug|Any CPU.ActiveCfg = Debug|Any CPU
		{649E5F8B-918E-4FB4-B0B4-91AFF9ACF78B}.Debug|Any CPU.Build.0 = Debug|Any CPU
		{649E5F8B-918E-4FB4-B0B4-91AFF9ACF78B}.Release|Any CPU.ActiveCfg = Release|Any CPU
		{649E5F8B-918E-4FB4-B0B4-91AFF9ACF78B}.Release|Any CPU.Build.0 = Release|Any CPU
	EndGlobalSection
	GlobalSection(SolutionProperties) = preSolution
		HideSolutionNode = FALSE
	EndGlobalSection
	GlobalSection(ExtensibilityGlobals) = postSolution
		SolutionGuid = {F53B9CF9-8163-4F1F-B431-1EE1A396F28A}
	EndGlobalSection
EndGlobal
